{
    "version": "0.5",
    "requires": [
        "openblas/0.3.27#29e844a5c715afe1d8e678b823731e02%1743515716.04",
        "llvm-openmp/18.1.8#5e371038846bf9a660dc7746beb21e04%1719923677.897",
        "gtest/1.15.0#9eba70e54373fb7325151ad3375934a1%1743410805.366",
        "benchmark/1.9.1#73d267daf0371b7f6605edef1594a681%1736524768.274"
    ],
    "build_requires": [
        "cmake/3.31.6#ed0e6c1d49bd564ce6fed1a19653b86d%1740594968.467"
    ],
    "python_requires": [],
    "config_requires": []
}